
Microsoft Visual Studio Solution File, Format Version 12.00
# Visual Studio 15
VisualStudioVersion = 15.0.26430.16
MinimumVisualStudioVersion = 10.0.40219.1
Project("{9A19103F-16F7-4668-BE54-9A1E7A4F7556}") = "TestAssembly", "TestAssembly\TestAssembly.csproj", "{7DEF5F34-AB86-457B-819D-5E7387B3FF87}"
EndProject
Project("{FAE04EC0-301F-11D3-BF4B-00C04F79EFBC}") = "ArchUnitNET", "ArchUnitNET\ArchUnitNET.csproj", "{2855911F-6AE2-4BE1-BA88-9A0B2A03BFA3}"
EndProject
Project("{FAE04EC0-301F-11D3-BF4B-00C04F79EFBC}") = "ArchUnitNETTests", "ArchUnitNETTests\ArchUnitNETTests.csproj", "{F38CBB2C-BDD0-4195-82CB-8B76332B0890}"
EndProject
Project("{FAE04EC0-301F-11D3-BF4B-00C04F79EFBC}") = "ExampleTest", "ExampleTest\ExampleTest.csproj", "{180688C2-7917-4A23-89A7-F3D5317E54F3}"
EndProject
Project("{FAE04EC0-301F-11D3-BF4B-00C04F79EFBC}") = "ArchUnitNET.xUnit", "ArchUnitNET.xUnit\ArchUnitNET.xUnit.csproj", "{53DF58F8-0C82-4259-96A6-31974D0A503A}"
EndProject
Project("{FAE04EC0-301F-11D3-BF4B-00C04F79EFBC}") = "ArchUnitNET.NUnit", "ArchUnitNET.NUnit\ArchUnitNET.NUnit.csproj", "{0BD564F3-D34F-4D39-94B3-EA2705EDF594}"
EndProject
Project("{FAE04EC0-301F-11D3-BF4B-00C04F79EFBC}") = "ArchUnitNET.NUnitTests", "ArchUnitNET.NUnitTests\ArchUnitNET.NUnitTests.csproj", "{D2AB683F-0A64-491E-9C56-EE98588C493C}"
EndProject
Global
	GlobalSection(SolutionConfigurationPlatforms) = preSolution
		Debug|Any CPU = Debug|Any CPU
		Release|Any CPU = Release|Any CPU
	EndGlobalSection
	GlobalSection(ProjectConfigurationPlatforms) = postSolution
		{7DEF5F34-AB86-457B-819D-5E7387B3FF87}.Debug|Any CPU.ActiveCfg = Debug|Any CPU
		{7DEF5F34-AB86-457B-819D-5E7387B3FF87}.Debug|Any CPU.Build.0 = Debug|Any CPU
		{7DEF5F34-AB86-457B-819D-5E7387B3FF87}.Release|Any CPU.ActiveCfg = Release|Any CPU
		{7DEF5F34-AB86-457B-819D-5E7387B3FF87}.Release|Any CPU.Build.0 = Release|Any CPU
		{2855911F-6AE2-4BE1-BA88-9A0B2A03BFA3}.Debug|Any CPU.ActiveCfg = Debug|Any CPU
		{2855911F-6AE2-4BE1-BA88-9A0B2A03BFA3}.Debug|Any CPU.Build.0 = Debug|Any CPU
		{2855911F-6AE2-4BE1-BA88-9A0B2A03BFA3}.Release|Any CPU.ActiveCfg = Release|Any CPU
		{2855911F-6AE2-4BE1-BA88-9A0B2A03BFA3}.Release|Any CPU.Build.0 = Release|Any CPU
		{F38CBB2C-BDD0-4195-82CB-8B76332B0890}.Debug|Any CPU.ActiveCfg = Debug|Any CPU
		{F38CBB2C-BDD0-4195-82CB-8B76332B0890}.Debug|Any CPU.Build.0 = Debug|Any CPU
		{F38CBB2C-BDD0-4195-82CB-8B76332B0890}.Release|Any CPU.ActiveCfg = Release|Any CPU
		{F38CBB2C-BDD0-4195-82CB-8B76332B0890}.Release|Any CPU.Build.0 = Release|Any CPU
		{180688C2-7917-4A23-89A7-F3D5317E54F3}.Debug|Any CPU.ActiveCfg = Debug|Any CPU
		{180688C2-7917-4A23-89A7-F3D5317E54F3}.Debug|Any CPU.Build.0 = Debug|Any CPU
		{180688C2-7917-4A23-89A7-F3D5317E54F3}.Release|Any CPU.ActiveCfg = Release|Any CPU
		{180688C2-7917-4A23-89A7-F3D5317E54F3}.Release|Any CPU.Build.0 = Release|Any CPU
		{53DF58F8-0C82-4259-96A6-31974D0A503A}.Debug|Any CPU.ActiveCfg = Debug|Any CPU
		{53DF58F8-0C82-4259-96A6-31974D0A503A}.Debug|Any CPU.Build.0 = Debug|Any CPU
		{53DF58F8-0C82-4259-96A6-31974D0A503A}.Release|Any CPU.ActiveCfg = Release|Any CPU
		{53DF58F8-0C82-4259-96A6-31974D0A503A}.Release|Any CPU.Build.0 = Release|Any CPU
		{0BD564F3-D34F-4D39-94B3-EA2705EDF594}.Debug|Any CPU.ActiveCfg = Debug|Any CPU
		{0BD564F3-D34F-4D39-94B3-EA2705EDF594}.Debug|Any CPU.Build.0 = Debug|Any CPU
		{0BD564F3-D34F-4D39-94B3-EA2705EDF594}.Release|Any CPU.ActiveCfg = Release|Any CPU
		{0BD564F3-D34F-4D39-94B3-EA2705EDF594}.Release|Any CPU.Build.0 = Release|Any CPU
		{D2AB683F-0A64-491E-9C56-EE98588C493C}.Debug|Any CPU.ActiveCfg = Debug|Any CPU
		{D2AB683F-0A64-491E-9C56-EE98588C493C}.Debug|Any CPU.Build.0 = Debug|Any CPU
		{D2AB683F-0A64-491E-9C56-EE98588C493C}.Release|Any CPU.ActiveCfg = Release|Any CPU
		{D2AB683F-0A64-491E-9C56-EE98588C493C}.Release|Any CPU.Build.0 = Release|Any CPU
	EndGlobalSection
	GlobalSection(SolutionProperties) = preSolution
		HideSolutionNode = FALSE
	EndGlobalSection
EndGlobal
