Microsoft Visual Studio Solution File, Format Version 12.00
# Visual Studio 15
VisualStudioVersion = 15.0.26430.16
MinimumVisualStudioVersion = 10.0.40219.1
Project("{9A19103F-16F7-4668-BE54-9A1E7A4F7556}") = "TestAssembly", "TestAssembly\TestAssembly.csproj", "{7DEF5F34-AB86-457B-819D-5E7387B3FF87}"
EndProject
Project("{9A19103F-16F7-4668-BE54-9A1E7A4F7556}") = "ArchUnitNET", "ArchUnitNET\ArchUnitNET.csproj", "{2855911F-6AE2-4BE1-BA88-9A0B2A03BFA3}"
EndProject
Project("{9A19103F-16F7-4668-BE54-9A1E7A4F7556}") = "ArchUnitNETTests", "ArchUnitNETTests\ArchUnitNETTests.csproj", "{F38CBB2C-BDD0-4195-82CB-8B76332B0890}"
EndProject
Project("{9A19103F-16F7-4668-BE54-9A1E7A4F7556}") = "ExampleTest", "ExampleTest\ExampleTest.csproj", "{180688C2-7917-4A23-89A7-F3D5317E54F3}"
EndProject
Project("{9A19103F-16F7-4668-BE54-9A1E7A4F7556}") = "ArchUnitNET.xUnit", "ArchUnitNET.xUnit\ArchUnitNET.xUnit.csproj", "{53DF58F8-0C82-4259-96A6-31974D0A503A}"
EndProject
Project("{9A19103F-16F7-4668-BE54-9A1E7A4F7556}") = "ArchUnitNET.NUnit", "ArchUnitNET.NUnit\ArchUnitNET.NUnit.csproj", "{0BD564F3-D34F-4D39-94B3-EA2705EDF594}"
EndProject
Project("{9A19103F-16F7-4668-BE54-9A1E7A4F7556}") = "ArchUnitNET.NUnitTests", "ArchUnitNET.NUnitTests\ArchUnitNET.NUnitTests.csproj", "{D2AB683F-0A64-491E-9C56-EE98588C493C}"
EndProject
Project("{FAE04EC0-301F-11D3-BF4B-00C04F79EFBC}") = "ArchUnitNET.MSTestV2", "ArchUnitNET.MSTestV2\ArchUnitNET.MSTestV2.csproj", "{3D057987-358A-41C6-AF55-6490FCA5875F}"
EndProject
Project("{FAE04EC0-301F-11D3-BF4B-00C04F79EFBC}") = "ArchUnitNET.MSTestV2Tests", "ArchUnitNET.MSTestV2Tests\ArchUnitNET.MSTestV2Tests.csproj", "{6D6B6EFE-DA0B-4C4D-B710-FA658F0C68CF}"
EndProject
Project("{2150E333-8FDC-42A3-9474-1A3956D46DE8}") = "TestAssemblies", "TestAssemblies", "{B1191F18-91CB-4387-B775-A5EB64D3AC30}"
EndProject
Project("{FAE04EC0-301F-11D3-BF4B-00C04F79EFBC}") = "DependencyAssembly", "TestAssemblies\DependencyAssembly\DependencyAssembly.csproj", "{10A70A38-A18D-4FA8-AF25-2B25B3D60BE6}"
EndProject
Project("{FAE04EC0-301F-11D3-BF4B-00C04F79EFBC}") = "AttributeAssembly", "TestAssemblies\AttributeAssembly\AttributeAssembly.csproj", "{FB457140-47B4-4B20-8505-BA9BFC73C705}"
EndProject
Project("{FAE04EC0-301F-11D3-BF4B-00C04F79EFBC}") = "VisibilityAssembly", "TestAssemblies\VisibilityAssembly\VisibilityAssembly.csproj", "{FBCD91F2-4DB9-44AC-8214-6F2FFF9178D5}"
EndProject
Project("{FAE04EC0-301F-11D3-BF4B-00C04F79EFBC}") = "LoaderTestAssembly", "TestAssemblies\LoaderTestAssembly\LoaderTestAssembly.csproj", "{0243F2D4-AC89-4561-A936-D647B6BB821F}"
EndProject
Project("{FAE04EC0-301F-11D3-BF4B-00C04F79EFBC}") = "OtherLoaderTestAssembly", "TestAssemblies\OtherLoaderTestAssembly\OtherLoaderTestAssembly.csproj", "{5A24529B-1794-4080-ADCC-77440BA0A0B3}"
EndProject
Project("{FAE04EC0-301F-11D3-BF4B-00C04F79EFBC}") = "FilteredDirectoryLoaderTestAssembly", "TestAssemblies\FilteredDirectoryLoaderTestAssembly\FilteredDirectoryLoaderTestAssembly.csproj", "{E6CB8C69-25F5-4C94-8EA3-D56E444EB46B}"
EndProject
Project("{FAE04EC0-301F-11D3-BF4B-00C04F79EFBC}") = "ArchUnitNET.xUnitV3", "ArchUnitNET.xUnitV3\ArchUnitNET.xUnitV3.csproj", "{5DE11135-0C27-41B4-BC34-9CB17BF335A7}"
EndProject
Project("{FAE04EC0-301F-11D3-BF4B-00C04F79EFBC}") = "ArchUnitNET.xUnitTests", "ArchUnitNET.xUnitTests\ArchUnitNET.xUnitTests.csproj", "{E226D0D5-E50A-4E9C-A30F-F4747299D614}"
EndProject
Project("{FAE04EC0-301F-11D3-BF4B-00C04F79EFBC}") = "ArchUnitNET.xUnitV3Tests", "ArchUnitNET.xUnitV3Tests\ArchUnitNET.xUnitV3Tests.csproj", "{439E00CE-5CB8-4474-9A27-3FFC5770DB7C}"
EndProject
Project("{FAE04EC0-301F-11D3-BF4B-00C04F79EFBC}") = "ArchUnitNET.TUnit", "ArchUnitNET.TUnit\ArchUnitNET.TUnit.csproj", "{AD4D9490-F6F1-47DC-9F52-FD15497CDE55}"
EndProject
Project("{FAE04EC0-301F-11D3-BF4B-00C04F79EFBC}") = "ArchUnitNET.TUnitTests", "ArchUnitNET.TUnitTests\ArchUnitNET.TUnitTests.csproj", "{C54143CE-3256-4313-B991-0706705EEA1D}"
EndProject
Project("{FAE04EC0-301F-11D3-BF4B-00C04F79EFBC}") = "GenericArgumentAssembly", "GenericArgumentAssembly\GenericArgumentAssembly.csproj", "{FA21FB62-0774-4E41-8E7F-4F52E3AA2AEE}"
EndProject
Global
	GlobalSection(SolutionConfigurationPlatforms) = preSolution
		Debug|Any CPU = Debug|Any CPU
		Release|Any CPU = Release|Any CPU
	EndGlobalSection
	GlobalSection(ProjectConfigurationPlatforms) = postSolution
		{7DEF5F34-AB86-457B-819D-5E7387B3FF87}.Debug|Any CPU.ActiveCfg = Debug|Any CPU
		{7DEF5F34-AB86-457B-819D-5E7387B3FF87}.Debug|Any CPU.Build.0 = Debug|Any CPU
		{7DEF5F34-AB86-457B-819D-5E7387B3FF87}.Release|Any CPU.ActiveCfg = Release|Any CPU
		{7DEF5F34-AB86-457B-819D-5E7387B3FF87}.Release|Any CPU.Build.0 = Release|Any CPU
		{2855911F-6AE2-4BE1-BA88-9A0B2A03BFA3}.Debug|Any CPU.ActiveCfg = Debug|Any CPU
		{2855911F-6AE2-4BE1-BA88-9A0B2A03BFA3}.Debug|Any CPU.Build.0 = Debug|Any CPU
		{2855911F-6AE2-4BE1-BA88-9A0B2A03BFA3}.Release|Any CPU.ActiveCfg = Release|Any CPU
		{2855911F-6AE2-4BE1-BA88-9A0B2A03BFA3}.Release|Any CPU.Build.0 = Release|Any CPU
		{F38CBB2C-BDD0-4195-82CB-8B76332B0890}.Debug|Any CPU.ActiveCfg = Debug|Any CPU
		{F38CBB2C-BDD0-4195-82CB-8B76332B0890}.Debug|Any CPU.Build.0 = Debug|Any CPU
		{F38CBB2C-BDD0-4195-82CB-8B76332B0890}.Release|Any CPU.ActiveCfg = Release|Any CPU
		{F38CBB2C-BDD0-4195-82CB-8B76332B0890}.Release|Any CPU.Build.0 = Release|Any CPU
		{180688C2-7917-4A23-89A7-F3D5317E54F3}.Debug|Any CPU.ActiveCfg = Debug|Any CPU
		{180688C2-7917-4A23-89A7-F3D5317E54F3}.Debug|Any CPU.Build.0 = Debug|Any CPU
		{180688C2-7917-4A23-89A7-F3D5317E54F3}.Release|Any CPU.ActiveCfg = Release|Any CPU
		{180688C2-7917-4A23-89A7-F3D5317E54F3}.Release|Any CPU.Build.0 = Release|Any CPU
		{53DF58F8-0C82-4259-96A6-31974D0A503A}.Debug|Any CPU.ActiveCfg = Debug|Any CPU
		{53DF58F8-0C82-4259-96A6-31974D0A503A}.Debug|Any CPU.Build.0 = Debug|Any CPU
		{53DF58F8-0C82-4259-96A6-31974D0A503A}.Release|Any CPU.ActiveCfg = Release|Any CPU
		{53DF58F8-0C82-4259-96A6-31974D0A503A}.Release|Any CPU.Build.0 = Release|Any CPU
		{0BD564F3-D34F-4D39-94B3-EA2705EDF594}.Debug|Any CPU.ActiveCfg = Debug|Any CPU
		{0BD564F3-D34F-4D39-94B3-EA2705EDF594}.Debug|Any CPU.Build.0 = Debug|Any CPU
		{0BD564F3-D34F-4D39-94B3-EA2705EDF594}.Release|Any CPU.ActiveCfg = Release|Any CPU
		{0BD564F3-D34F-4D39-94B3-EA2705EDF594}.Release|Any CPU.Build.0 = Release|Any CPU
		{D2AB683F-0A64-491E-9C56-EE98588C493C}.Debug|Any CPU.ActiveCfg = Debug|Any CPU
		{D2AB683F-0A64-491E-9C56-EE98588C493C}.Debug|Any CPU.Build.0 = Debug|Any CPU
		{D2AB683F-0A64-491E-9C56-EE98588C493C}.Release|Any CPU.ActiveCfg = Release|Any CPU
		{D2AB683F-0A64-491E-9C56-EE98588C493C}.Release|Any CPU.Build.0 = Release|Any CPU
		{3D057987-358A-41C6-AF55-6490FCA5875F}.Debug|Any CPU.ActiveCfg = Debug|Any CPU
		{3D057987-358A-41C6-AF55-6490FCA5875F}.Debug|Any CPU.Build.0 = Debug|Any CPU
		{3D057987-358A-41C6-AF55-6490FCA5875F}.Release|Any CPU.ActiveCfg = Release|Any CPU
		{3D057987-358A-41C6-AF55-6490FCA5875F}.Release|Any CPU.Build.0 = Release|Any CPU
		{6D6B6EFE-DA0B-4C4D-B710-FA658F0C68CF}.Debug|Any CPU.ActiveCfg = Debug|Any CPU
		{6D6B6EFE-DA0B-4C4D-B710-FA658F0C68CF}.Debug|Any CPU.Build.0 = Debug|Any CPU
		{6D6B6EFE-DA0B-4C4D-B710-FA658F0C68CF}.Release|Any CPU.ActiveCfg = Release|Any CPU
		{6D6B6EFE-DA0B-4C4D-B710-FA658F0C68CF}.Release|Any CPU.Build.0 = Release|Any CPU
		{10A70A38-A18D-4FA8-AF25-2B25B3D60BE6}.Debug|Any CPU.ActiveCfg = Debug|Any CPU
		{10A70A38-A18D-4FA8-AF25-2B25B3D60BE6}.Debug|Any CPU.Build.0 = Debug|Any CPU
		{10A70A38-A18D-4FA8-AF25-2B25B3D60BE6}.Release|Any CPU.ActiveCfg = Release|Any CPU
		{10A70A38-A18D-4FA8-AF25-2B25B3D60BE6}.Release|Any CPU.Build.0 = Release|Any CPU
		{FB457140-47B4-4B20-8505-BA9BFC73C705}.Debug|Any CPU.ActiveCfg = Debug|Any CPU
		{FB457140-47B4-4B20-8505-BA9BFC73C705}.Debug|Any CPU.Build.0 = Debug|Any CPU
		{FB457140-47B4-4B20-8505-BA9BFC73C705}.Release|Any CPU.ActiveCfg = Release|Any CPU
		{FB457140-47B4-4B20-8505-BA9BFC73C705}.Release|Any CPU.Build.0 = Release|Any CPU
		{FBCD91F2-4DB9-44AC-8214-6F2FFF9178D5}.Debug|Any CPU.ActiveCfg = Debug|Any CPU
		{FBCD91F2-4DB9-44AC-8214-6F2FFF9178D5}.Debug|Any CPU.Build.0 = Debug|Any CPU
		{FBCD91F2-4DB9-44AC-8214-6F2FFF9178D5}.Release|Any CPU.ActiveCfg = Release|Any CPU
		{FBCD91F2-4DB9-44AC-8214-6F2FFF9178D5}.Release|Any CPU.Build.0 = Release|Any CPU
		{0243F2D4-AC89-4561-A936-D647B6BB821F}.Debug|Any CPU.ActiveCfg = Debug|Any CPU
		{0243F2D4-AC89-4561-A936-D647B6BB821F}.Debug|Any CPU.Build.0 = Debug|Any CPU
		{0243F2D4-AC89-4561-A936-D647B6BB821F}.Release|Any CPU.ActiveCfg = Release|Any CPU
		{0243F2D4-AC89-4561-A936-D647B6BB821F}.Release|Any CPU.Build.0 = Release|Any CPU
		{5A24529B-1794-4080-ADCC-77440BA0A0B3}.Debug|Any CPU.ActiveCfg = Debug|Any CPU
		{5A24529B-1794-4080-ADCC-77440BA0A0B3}.Debug|Any CPU.Build.0 = Debug|Any CPU
		{5A24529B-1794-4080-ADCC-77440BA0A0B3}.Release|Any CPU.ActiveCfg = Release|Any CPU
		{5A24529B-1794-4080-ADCC-77440BA0A0B3}.Release|Any CPU.Build.0 = Release|Any CPU
		{E6CB8C69-25F5-4C94-8EA3-D56E444EB46B}.Debug|Any CPU.ActiveCfg = Debug|Any CPU
		{E6CB8C69-25F5-4C94-8EA3-D56E444EB46B}.Debug|Any CPU.Build.0 = Debug|Any CPU
		{E6CB8C69-25F5-4C94-8EA3-D56E444EB46B}.Release|Any CPU.ActiveCfg = Release|Any CPU
		{E6CB8C69-25F5-4C94-8EA3-D56E444EB46B}.Release|Any CPU.Build.0 = Release|Any CPU
		{5DE11135-0C27-41B4-BC34-9CB17BF335A7}.Debug|Any CPU.ActiveCfg = Debug|Any CPU
		{5DE11135-0C27-41B4-BC34-9CB17BF335A7}.Debug|Any CPU.Build.0 = Debug|Any CPU
		{5DE11135-0C27-41B4-BC34-9CB17BF335A7}.Release|Any CPU.ActiveCfg = Release|Any CPU
		{5DE11135-0C27-41B4-BC34-9CB17BF335A7}.Release|Any CPU.Build.0 = Release|Any CPU
		{E226D0D5-E50A-4E9C-A30F-F4747299D614}.Debug|Any CPU.ActiveCfg = Debug|Any CPU
		{E226D0D5-E50A-4E9C-A30F-F4747299D614}.Debug|Any CPU.Build.0 = Debug|Any CPU
		{E226D0D5-E50A-4E9C-A30F-F4747299D614}.Release|Any CPU.ActiveCfg = Release|Any CPU
		{E226D0D5-E50A-4E9C-A30F-F4747299D614}.Release|Any CPU.Build.0 = Release|Any CPU
		{439E00CE-5CB8-4474-9A27-3FFC5770DB7C}.Debug|Any CPU.ActiveCfg = Debug|Any CPU
		{439E00CE-5CB8-4474-9A27-3FFC5770DB7C}.Debug|Any CPU.Build.0 = Debug|Any CPU
		{439E00CE-5CB8-4474-9A27-3FFC5770DB7C}.Release|Any CPU.ActiveCfg = Release|Any CPU
		{439E00CE-5CB8-4474-9A27-3FFC5770DB7C}.Release|Any CPU.Build.0 = Release|Any CPU
		{AD4D9490-F6F1-47DC-9F52-FD15497CDE55}.Debug|Any CPU.ActiveCfg = Debug|Any CPU
		{AD4D9490-F6F1-47DC-9F52-FD15497CDE55}.Debug|Any CPU.Build.0 = Debug|Any CPU
		{AD4D9490-F6F1-47DC-9F52-FD15497CDE55}.Release|Any CPU.ActiveCfg = Release|Any CPU
		{AD4D9490-F6F1-47DC-9F52-FD15497CDE55}.Release|Any CPU.Build.0 = Release|Any CPU
		{C54143CE-3256-4313-B991-0706705EEA1D}.Debug|Any CPU.ActiveCfg = Debug|Any CPU
		{C54143CE-3256-4313-B991-0706705EEA1D}.Debug|Any CPU.Build.0 = Debug|Any CPU
		{C54143CE-3256-4313-B991-0706705EEA1D}.Release|Any CPU.ActiveCfg = Release|Any CPU
		{C54143CE-3256-4313-B991-0706705EEA1D}.Release|Any CPU.Build.0 = Release|Any CPU
		{FA21FB62-0774-4E41-8E7F-4F52E3AA2AEE}.Debug|Any CPU.ActiveCfg = Debug|Any CPU
		{FA21FB62-0774-4E41-8E7F-4F52E3AA2AEE}.Debug|Any CPU.Build.0 = Debug|Any CPU
		{FA21FB62-0774-4E41-8E7F-4F52E3AA2AEE}.Release|Any CPU.ActiveCfg = Release|Any CPU
		{FA21FB62-0774-4E41-8E7F-4F52E3AA2AEE}.Release|Any CPU.Build.0 = Release|Any CPU
	EndGlobalSection
	GlobalSection(SolutionProperties) = preSolution
		HideSolutionNode = FALSE
	EndGlobalSection
	GlobalSection(NestedProjects) = preSolution
		{10A70A38-A18D-4FA8-AF25-2B25B3D60BE6} = {B1191F18-91CB-4387-B775-A5EB64D3AC30}
		{FB457140-47B4-4B20-8505-BA9BFC73C705} = {B1191F18-91CB-4387-B775-A5EB64D3AC30}
		{FBCD91F2-4DB9-44AC-8214-6F2FFF9178D5} = {B1191F18-91CB-4387-B775-A5EB64D3AC30}
		{0243F2D4-AC89-4561-A936-D647B6BB821F} = {B1191F18-91CB-4387-B775-A5EB64D3AC30}
		{5A24529B-1794-4080-ADCC-77440BA0A0B3} = {B1191F18-91CB-4387-B775-A5EB64D3AC30}
		{E6CB8C69-25F5-4C94-8EA3-D56E444EB46B} = {B1191F18-91CB-4387-B775-A5EB64D3AC30}
		{FA21FB62-0774-4E41-8E7F-4F52E3AA2AEE} = {B1191F18-91CB-4387-B775-A5EB64D3AC30}
	EndGlobalSection
EndGlobal
