
Microsoft Visual Studio Solution File, Format Version 12.00
# Visual Studio Version 17
VisualStudioVersion = 17.6.33815.320
MinimumVisualStudioVersion = 10.0.40219.1
Project("{9A19103F-16F7-4668-BE54-9A1E7A4F7556}") = "TestAssembly", "TestAssembly\TestAssembly.csproj", "{7DEF5F34-AB86-457B-819D-5E7387B3FF87}"
EndProject
Project("{9A19103F-16F7-4668-BE54-9A1E7A4F7556}") = "ArchUnitNET", "ArchUnitNET\ArchUnitNET.csproj", "{2855911F-6AE2-4BE1-BA88-9A0B2A03BFA3}"
EndProject
Project("{9A19103F-16F7-4668-BE54-9A1E7A4F7556}") = "ArchUnitNETTests", "ArchUnitNETTests\ArchUnitNETTests.csproj", "{F38CBB2C-BDD0-4195-82CB-8B76332B0890}"
EndProject
Project("{9A19103F-16F7-4668-BE54-9A1E7A4F7556}") = "ExampleTest", "ExampleTest\ExampleTest.csproj", "{180688C2-7917-4A23-89A7-F3D5317E54F3}"
EndProject
Project("{9A19103F-16F7-4668-BE54-9A1E7A4F7556}") = "ArchUnitNET.xUnit", "ArchUnitNET.xUnit\ArchUnitNET.xUnit.csproj", "{53DF58F8-0C82-4259-96A6-31974D0A503A}"
EndProject
Project("{9A19103F-16F7-4668-BE54-9A1E7A4F7556}") = "ArchUnitNET.NUnit", "ArchUnitNET.NUnit\ArchUnitNET.NUnit.csproj", "{0BD564F3-D34F-4D39-94B3-EA2705EDF594}"
EndProject
Project("{9A19103F-16F7-4668-BE54-9A1E7A4F7556}") = "ArchUnitNET.NUnitTests", "ArchUnitNET.NUnitTests\ArchUnitNET.NUnitTests.csproj", "{D2AB683F-0A64-491E-9C56-EE98588C493C}"
EndProject
Project("{9A19103F-16F7-4668-BE54-9A1E7A4F7556}") = "ArchUnitNET.MSTestV2", "ArchUnitNET.MSTestV2\ArchUnitNET.MSTestV2.csproj", "{3D057987-358A-41C6-AF55-6490FCA5875F}"
EndProject
Project("{9A19103F-16F7-4668-BE54-9A1E7A4F7556}") = "ArchUnitNET.MSTestV2Tests", "ArchUnitNET.MSTestV2Tests\ArchUnitNET.MSTestV2Tests.csproj", "{6D6B6EFE-DA0B-4C4D-B710-FA658F0C68CF}"
EndProject
Global
	GlobalSection(SolutionConfigurationPlatforms) = preSolution
		Debug|Any CPU = Debug|Any CPU
		Debug|x64 = Debug|x64
		Debug|x86 = Debug|x86
		Release|Any CPU = Release|Any CPU
		Release|x64 = Release|x64
		Release|x86 = Release|x86
	EndGlobalSection
	GlobalSection(ProjectConfigurationPlatforms) = postSolution
		{7DEF5F34-AB86-457B-819D-5E7387B3FF87}.Debug|Any CPU.ActiveCfg = Debug|Any CPU
		{7DEF5F34-AB86-457B-819D-5E7387B3FF87}.Debug|Any CPU.Build.0 = Debug|Any CPU
		{7DEF5F34-AB86-457B-819D-5E7387B3FF87}.Debug|x64.ActiveCfg = Debug|Any CPU
		{7DEF5F34-AB86-457B-819D-5E7387B3FF87}.Debug|x64.Build.0 = Debug|Any CPU
		{7DEF5F34-AB86-457B-819D-5E7387B3FF87}.Debug|x86.ActiveCfg = Debug|Any CPU
		{7DEF5F34-AB86-457B-819D-5E7387B3FF87}.Debug|x86.Build.0 = Debug|Any CPU
		{7DEF5F34-AB86-457B-819D-5E7387B3FF87}.Release|Any CPU.ActiveCfg = Release|Any CPU
		{7DEF5F34-AB86-457B-819D-5E7387B3FF87}.Release|Any CPU.Build.0 = Release|Any CPU
		{7DEF5F34-AB86-457B-819D-5E7387B3FF87}.Release|x64.ActiveCfg = Release|Any CPU
		{7DEF5F34-AB86-457B-819D-5E7387B3FF87}.Release|x64.Build.0 = Release|Any CPU
		{7DEF5F34-AB86-457B-819D-5E7387B3FF87}.Release|x86.ActiveCfg = Release|Any CPU
		{7DEF5F34-AB86-457B-819D-5E7387B3FF87}.Release|x86.Build.0 = Release|Any CPU
		{2855911F-6AE2-4BE1-BA88-9A0B2A03BFA3}.Debug|Any CPU.ActiveCfg = Debug|Any CPU
		{2855911F-6AE2-4BE1-BA88-9A0B2A03BFA3}.Debug|Any CPU.Build.0 = Debug|Any CPU
		{2855911F-6AE2-4BE1-BA88-9A0B2A03BFA3}.Debug|x64.ActiveCfg = Debug|Any CPU
		{2855911F-6AE2-4BE1-BA88-9A0B2A03BFA3}.Debug|x64.Build.0 = Debug|Any CPU
		{2855911F-6AE2-4BE1-BA88-9A0B2A03BFA3}.Debug|x86.ActiveCfg = Debug|Any CPU
		{2855911F-6AE2-4BE1-BA88-9A0B2A03BFA3}.Debug|x86.Build.0 = Debug|Any CPU
		{2855911F-6AE2-4BE1-BA88-9A0B2A03BFA3}.Release|Any CPU.ActiveCfg = Release|Any CPU
		{2855911F-6AE2-4BE1-BA88-9A0B2A03BFA3}.Release|Any CPU.Build.0 = Release|Any CPU
		{2855911F-6AE2-4BE1-BA88-9A0B2A03BFA3}.Release|x64.ActiveCfg = Release|Any CPU
		{2855911F-6AE2-4BE1-BA88-9A0B2A03BFA3}.Release|x64.Build.0 = Release|Any CPU
		{2855911F-6AE2-4BE1-BA88-9A0B2A03BFA3}.Release|x86.ActiveCfg = Release|Any CPU
		{2855911F-6AE2-4BE1-BA88-9A0B2A03BFA3}.Release|x86.Build.0 = Release|Any CPU
		{F38CBB2C-BDD0-4195-82CB-8B76332B0890}.Debug|Any CPU.ActiveCfg = Debug|Any CPU
		{F38CBB2C-BDD0-4195-82CB-8B76332B0890}.Debug|Any CPU.Build.0 = Debug|Any CPU
		{F38CBB2C-BDD0-4195-82CB-8B76332B0890}.Debug|x64.ActiveCfg = Debug|Any CPU
		{F38CBB2C-BDD0-4195-82CB-8B76332B0890}.Debug|x64.Build.0 = Debug|Any CPU
		{F38CBB2C-BDD0-4195-82CB-8B76332B0890}.Debug|x86.ActiveCfg = Debug|Any CPU
		{F38CBB2C-BDD0-4195-82CB-8B76332B0890}.Debug|x86.Build.0 = Debug|Any CPU
		{F38CBB2C-BDD0-4195-82CB-8B76332B0890}.Release|Any CPU.ActiveCfg = Release|Any CPU
		{F38CBB2C-BDD0-4195-82CB-8B76332B0890}.Release|Any CPU.Build.0 = Release|Any CPU
		{F38CBB2C-BDD0-4195-82CB-8B76332B0890}.Release|x64.ActiveCfg = Release|Any CPU
		{F38CBB2C-BDD0-4195-82CB-8B76332B0890}.Release|x64.Build.0 = Release|Any CPU
		{F38CBB2C-BDD0-4195-82CB-8B76332B0890}.Release|x86.ActiveCfg = Release|Any CPU
		{F38CBB2C-BDD0-4195-82CB-8B76332B0890}.Release|x86.Build.0 = Release|Any CPU
		{180688C2-7917-4A23-89A7-F3D5317E54F3}.Debug|Any CPU.ActiveCfg = Debug|Any CPU
		{180688C2-7917-4A23-89A7-F3D5317E54F3}.Debug|Any CPU.Build.0 = Debug|Any CPU
		{180688C2-7917-4A23-89A7-F3D5317E54F3}.Debug|x64.ActiveCfg = Debug|Any CPU
		{180688C2-7917-4A23-89A7-F3D5317E54F3}.Debug|x64.Build.0 = Debug|Any CPU
		{180688C2-7917-4A23-89A7-F3D5317E54F3}.Debug|x86.ActiveCfg = Debug|Any CPU
		{180688C2-7917-4A23-89A7-F3D5317E54F3}.Debug|x86.Build.0 = Debug|Any CPU
		{180688C2-7917-4A23-89A7-F3D5317E54F3}.Release|Any CPU.ActiveCfg = Release|Any CPU
		{180688C2-7917-4A23-89A7-F3D5317E54F3}.Release|Any CPU.Build.0 = Release|Any CPU
		{180688C2-7917-4A23-89A7-F3D5317E54F3}.Release|x64.ActiveCfg = Release|Any CPU
		{180688C2-7917-4A23-89A7-F3D5317E54F3}.Release|x64.Build.0 = Release|Any CPU
		{180688C2-7917-4A23-89A7-F3D5317E54F3}.Release|x86.ActiveCfg = Release|Any CPU
		{180688C2-7917-4A23-89A7-F3D5317E54F3}.Release|x86.Build.0 = Release|Any CPU
		{53DF58F8-0C82-4259-96A6-31974D0A503A}.Debug|Any CPU.ActiveCfg = Debug|Any CPU
		{53DF58F8-0C82-4259-96A6-31974D0A503A}.Debug|Any CPU.Build.0 = Debug|Any CPU
		{53DF58F8-0C82-4259-96A6-31974D0A503A}.Debug|x64.ActiveCfg = Debug|Any CPU
		{53DF58F8-0C82-4259-96A6-31974D0A503A}.Debug|x64.Build.0 = Debug|Any CPU
		{53DF58F8-0C82-4259-96A6-31974D0A503A}.Debug|x86.ActiveCfg = Debug|Any CPU
		{53DF58F8-0C82-4259-96A6-31974D0A503A}.Debug|x86.Build.0 = Debug|Any CPU
		{53DF58F8-0C82-4259-96A6-31974D0A503A}.Release|Any CPU.ActiveCfg = Release|Any CPU
		{53DF58F8-0C82-4259-96A6-31974D0A503A}.Release|Any CPU.Build.0 = Release|Any CPU
		{53DF58F8-0C82-4259-96A6-31974D0A503A}.Release|x64.ActiveCfg = Release|Any CPU
		{53DF58F8-0C82-4259-96A6-31974D0A503A}.Release|x64.Build.0 = Release|Any CPU
		{53DF58F8-0C82-4259-96A6-31974D0A503A}.Release|x86.ActiveCfg = Release|Any CPU
		{53DF58F8-0C82-4259-96A6-31974D0A503A}.Release|x86.Build.0 = Release|Any CPU
		{0BD564F3-D34F-4D39-94B3-EA2705EDF594}.Debug|Any CPU.ActiveCfg = Debug|Any CPU
		{0BD564F3-D34F-4D39-94B3-EA2705EDF594}.Debug|Any CPU.Build.0 = Debug|Any CPU
		{0BD564F3-D34F-4D39-94B3-EA2705EDF594}.Debug|x64.ActiveCfg = Debug|Any CPU
		{0BD564F3-D34F-4D39-94B3-EA2705EDF594}.Debug|x64.Build.0 = Debug|Any CPU
		{0BD564F3-D34F-4D39-94B3-EA2705EDF594}.Debug|x86.ActiveCfg = Debug|Any CPU
		{0BD564F3-D34F-4D39-94B3-EA2705EDF594}.Debug|x86.Build.0 = Debug|Any CPU
		{0BD564F3-D34F-4D39-94B3-EA2705EDF594}.Release|Any CPU.ActiveCfg = Release|Any CPU
		{0BD564F3-D34F-4D39-94B3-EA2705EDF594}.Release|Any CPU.Build.0 = Release|Any CPU
		{0BD564F3-D34F-4D39-94B3-EA2705EDF594}.Release|x64.ActiveCfg = Release|Any CPU
		{0BD564F3-D34F-4D39-94B3-EA2705EDF594}.Release|x64.Build.0 = Release|Any CPU
		{0BD564F3-D34F-4D39-94B3-EA2705EDF594}.Release|x86.ActiveCfg = Release|Any CPU
		{0BD564F3-D34F-4D39-94B3-EA2705EDF594}.Release|x86.Build.0 = Release|Any CPU
		{D2AB683F-0A64-491E-9C56-EE98588C493C}.Debug|Any CPU.ActiveCfg = Debug|Any CPU
		{D2AB683F-0A64-491E-9C56-EE98588C493C}.Debug|Any CPU.Build.0 = Debug|Any CPU
		{D2AB683F-0A64-491E-9C56-EE98588C493C}.Debug|x64.ActiveCfg = Debug|Any CPU
		{D2AB683F-0A64-491E-9C56-EE98588C493C}.Debug|x64.Build.0 = Debug|Any CPU
		{D2AB683F-0A64-491E-9C56-EE98588C493C}.Debug|x86.ActiveCfg = Debug|Any CPU
		{D2AB683F-0A64-491E-9C56-EE98588C493C}.Debug|x86.Build.0 = Debug|Any CPU
		{D2AB683F-0A64-491E-9C56-EE98588C493C}.Release|Any CPU.ActiveCfg = Release|Any CPU
		{D2AB683F-0A64-491E-9C56-EE98588C493C}.Release|Any CPU.Build.0 = Release|Any CPU
		{D2AB683F-0A64-491E-9C56-EE98588C493C}.Release|x64.ActiveCfg = Release|Any CPU
		{D2AB683F-0A64-491E-9C56-EE98588C493C}.Release|x64.Build.0 = Release|Any CPU
		{D2AB683F-0A64-491E-9C56-EE98588C493C}.Release|x86.ActiveCfg = Release|Any CPU
		{D2AB683F-0A64-491E-9C56-EE98588C493C}.Release|x86.Build.0 = Release|Any CPU
		{3D057987-358A-41C6-AF55-6490FCA5875F}.Debug|Any CPU.ActiveCfg = Debug|Any CPU
		{3D057987-358A-41C6-AF55-6490FCA5875F}.Debug|Any CPU.Build.0 = Debug|Any CPU
		{3D057987-358A-41C6-AF55-6490FCA5875F}.Debug|x64.ActiveCfg = Debug|Any CPU
		{3D057987-358A-41C6-AF55-6490FCA5875F}.Debug|x64.Build.0 = Debug|Any CPU
		{3D057987-358A-41C6-AF55-6490FCA5875F}.Debug|x86.ActiveCfg = Debug|Any CPU
		{3D057987-358A-41C6-AF55-6490FCA5875F}.Debug|x86.Build.0 = Debug|Any CPU
		{3D057987-358A-41C6-AF55-6490FCA5875F}.Release|Any CPU.ActiveCfg = Release|Any CPU
		{3D057987-358A-41C6-AF55-6490FCA5875F}.Release|Any CPU.Build.0 = Release|Any CPU
		{3D057987-358A-41C6-AF55-6490FCA5875F}.Release|x64.ActiveCfg = Release|Any CPU
		{3D057987-358A-41C6-AF55-6490FCA5875F}.Release|x64.Build.0 = Release|Any CPU
		{3D057987-358A-41C6-AF55-6490FCA5875F}.Release|x86.ActiveCfg = Release|Any CPU
		{3D057987-358A-41C6-AF55-6490FCA5875F}.Release|x86.Build.0 = Release|Any CPU
		{6D6B6EFE-DA0B-4C4D-B710-FA658F0C68CF}.Debug|Any CPU.ActiveCfg = Debug|Any CPU
		{6D6B6EFE-DA0B-4C4D-B710-FA658F0C68CF}.Debug|Any CPU.Build.0 = Debug|Any CPU
		{6D6B6EFE-DA0B-4C4D-B710-FA658F0C68CF}.Debug|x64.ActiveCfg = Debug|Any CPU
		{6D6B6EFE-DA0B-4C4D-B710-FA658F0C68CF}.Debug|x64.Build.0 = Debug|Any CPU
		{6D6B6EFE-DA0B-4C4D-B710-FA658F0C68CF}.Debug|x86.ActiveCfg = Debug|Any CPU
		{6D6B6EFE-DA0B-4C4D-B710-FA658F0C68CF}.Debug|x86.Build.0 = Debug|Any CPU
		{6D6B6EFE-DA0B-4C4D-B710-FA658F0C68CF}.Release|Any CPU.ActiveCfg = Release|Any CPU
		{6D6B6EFE-DA0B-4C4D-B710-FA658F0C68CF}.Release|Any CPU.Build.0 = Release|Any CPU
		{6D6B6EFE-DA0B-4C4D-B710-FA658F0C68CF}.Release|x64.ActiveCfg = Release|Any CPU
		{6D6B6EFE-DA0B-4C4D-B710-FA658F0C68CF}.Release|x64.Build.0 = Release|Any CPU
		{6D6B6EFE-DA0B-4C4D-B710-FA658F0C68CF}.Release|x86.ActiveCfg = Release|Any CPU
		{6D6B6EFE-DA0B-4C4D-B710-FA658F0C68CF}.Release|x86.Build.0 = Release|Any CPU
	EndGlobalSection
	GlobalSection(SolutionProperties) = preSolution
		HideSolutionNode = FALSE
	EndGlobalSection
	GlobalSection(ExtensibilityGlobals) = postSolution
		SolutionGuid = {493C6AB0-A79E-4614-8E73-5722BFBEFD3B}
	EndGlobalSection
EndGlobal
